
Microsoft Visual Studio Solution File, Format Version 12.00
# Visual Studio 15
VisualStudioVersion = 15.0.27130.2027
MinimumVisualStudioVersion = 10.0.40219.1
Project("{FAE04EC0-301F-11D3-BF4B-00C04F79EFBC}") = "Presenter", "PSDLab32\Presenter.csproj", "{8B79BC98-659B-474A-A75D-5CE0540A04E0}"
EndProject
Project("{FAE04EC0-301F-11D3-BF4B-00C04F79EFBC}") = "DomainModel", "Controller\DomainModel.csproj", "{20B11789-A933-4144-92D6-DE734979310A}"
EndProject
Project("{FAE04EC0-301F-11D3-BF4B-00C04F79EFBC}") = "View", "View\View.csproj", "{DD4074F2-A1D1-405B-A5B3-59ACCCED1A75}"
EndProject
Global
	GlobalSection(SolutionConfigurationPlatforms) = preSolution
		Debug|Any CPU = Debug|Any CPU
		Release|Any CPU = Release|Any CPU
	EndGlobalSection
	GlobalSection(ProjectConfigurationPlatforms) = postSolution
		{8B79BC98-659B-474A-A75D-5CE0540A04E0}.Debug|Any CPU.ActiveCfg = Debug|Any CPU
		{8B79BC98-659B-474A-A75D-5CE0540A04E0}.Debug|Any CPU.Build.0 = Debug|Any CPU
		{8B79BC98-659B-474A-A75D-5CE0540A04E0}.Release|Any CPU.ActiveCfg = Release|Any CPU
		{8B79BC98-659B-474A-A75D-5CE0540A04E0}.Release|Any CPU.Build.0 = Release|Any CPU
		{20B11789-A933-4144-92D6-DE734979310A}.Debug|Any CPU.ActiveCfg = Debug|Any CPU
		{20B11789-A933-4144-92D6-DE734979310A}.Debug|Any CPU.Build.0 = Debug|Any CPU
		{20B11789-A933-4144-92D6-DE734979310A}.Release|Any CPU.ActiveCfg = Release|Any CPU
		{20B11789-A933-4144-92D6-DE734979310A}.Release|Any CPU.Build.0 = Release|Any CPU
		{DD4074F2-A1D1-405B-A5B3-59ACCCED1A75}.Debug|Any CPU.ActiveCfg = Debug|Any CPU
		{DD4074F2-A1D1-405B-A5B3-59ACCCED1A75}.Debug|Any CPU.Build.0 = Debug|Any CPU
		{DD4074F2-A1D1-405B-A5B3-59ACCCED1A75}.Release|Any CPU.ActiveCfg = Release|Any CPU
		{DD4074F2-A1D1-405B-A5B3-59ACCCED1A75}.Release|Any CPU.Build.0 = Release|Any CPU
	EndGlobalSection
	GlobalSection(SolutionProperties) = preSolution
		HideSolutionNode = FALSE
	EndGlobalSection
	GlobalSection(ExtensibilityGlobals) = postSolution
		SolutionGuid = {C53DDDF4-BF66-4719-9022-D16BA2CB637B}
	EndGlobalSection
EndGlobal
